
Microsoft Visual Studio Solution File, Format Version 12.00
# Visual Studio Version 17
VisualStudioVersion = 17.5.002.0
MinimumVisualStudioVersion = 10.0.40219.1
Project("{9A19103F-16F7-4668-BE54-9A1E7A4F7556}") = "Eshop.Frontend", "Eshop.Frontend.csproj", "{C6802F03-5B80-4D19-A3C7-2D95858F6C72}"
EndProject
Project("{FAE04EC0-301F-11D3-BF4B-00C04F79EFBC}") = "Eshop.Api", "..\Eshop.Api\Eshop.Api.csproj", "{275FF03C-979D-4BC4-8219-CA2929D31846}"
EndProject
Global
	GlobalSection(SolutionConfigurationPlatforms) = preSolution
		Debug|Any CPU = Debug|Any CPU
		Release|Any CPU = Release|Any CPU
	EndGlobalSection
	GlobalSection(ProjectConfigurationPlatforms) = postSolution
		{C6802F03-5B80-4D19-A3C7-2D95858F6C72}.Debug|Any CPU.ActiveCfg = Debug|Any CPU
		{C6802F03-5B80-4D19-A3C7-2D95858F6C72}.Debug|Any CPU.Build.0 = Debug|Any CPU
		{C6802F03-5B80-4D19-A3C7-2D95858F6C72}.Release|Any CPU.ActiveCfg = Release|Any CPU
		{C6802F03-5B80-4D19-A3C7-2D95858F6C72}.Release|Any CPU.Build.0 = Release|Any CPU
		{275FF03C-979D-4BC4-8219-CA2929D31846}.Debug|Any CPU.ActiveCfg = Debug|Any CPU
		{275FF03C-979D-4BC4-8219-CA2929D31846}.Debug|Any CPU.Build.0 = Debug|Any CPU
		{275FF03C-979D-4BC4-8219-CA2929D31846}.Release|Any CPU.ActiveCfg = Release|Any CPU
		{275FF03C-979D-4BC4-8219-CA2929D31846}.Release|Any CPU.Build.0 = Release|Any CPU
	EndGlobalSection
	GlobalSection(SolutionProperties) = preSolution
		HideSolutionNode = FALSE
	EndGlobalSection
	GlobalSection(ExtensibilityGlobals) = postSolution
		SolutionGuid = {44EBE8AF-F59C-40CC-9682-1B36197B6967}
	EndGlobalSection
EndGlobal
